
Microsoft Visual Studio Solution File, Format Version 12.00
# Visual Studio Version 17
VisualStudioVersion = 17.6.33815.320
MinimumVisualStudioVersion = 10.0.40219.1
Project("{FAE04EC0-301F-11D3-BF4B-00C04F79EFBC}") = "PM022P2023.Android", "PM022P2023.Android\PM022P2023.Android.csproj", "{864B1E0A-D5CE-42EE-AC00-9C80E568E91F}"
EndProject
Project("{FAE04EC0-301F-11D3-BF4B-00C04F79EFBC}") = "PM022P2023", "PM022P2023\PM022P2023.csproj", "{D9BAC143-8BFE-4039-B0C7-DB6A781F8B60}"
EndProject
Global
	GlobalSection(SolutionConfigurationPlatforms) = preSolution
		Debug|Any CPU = Debug|Any CPU
		Release|Any CPU = Release|Any CPU
	EndGlobalSection
	GlobalSection(ProjectConfigurationPlatforms) = postSolution
		{864B1E0A-D5CE-42EE-AC00-9C80E568E91F}.Debug|Any CPU.ActiveCfg = Debug|Any CPU
		{864B1E0A-D5CE-42EE-AC00-9C80E568E91F}.Debug|Any CPU.Build.0 = Debug|Any CPU
		{864B1E0A-D5CE-42EE-AC00-9C80E568E91F}.Debug|Any CPU.Deploy.0 = Debug|Any CPU
		{864B1E0A-D5CE-42EE-AC00-9C80E568E91F}.Release|Any CPU.ActiveCfg = Release|Any CPU
		{864B1E0A-D5CE-42EE-AC00-9C80E568E91F}.Release|Any CPU.Build.0 = Release|Any CPU
		{864B1E0A-D5CE-42EE-AC00-9C80E568E91F}.Release|Any CPU.Deploy.0 = Release|Any CPU
		{D9BAC143-8BFE-4039-B0C7-DB6A781F8B60}.Debug|Any CPU.ActiveCfg = Debug|Any CPU
		{D9BAC143-8BFE-4039-B0C7-DB6A781F8B60}.Debug|Any CPU.Build.0 = Debug|Any CPU
		{D9BAC143-8BFE-4039-B0C7-DB6A781F8B60}.Debug|Any CPU.Deploy.0 = Debug|Any CPU
		{D9BAC143-8BFE-4039-B0C7-DB6A781F8B60}.Release|Any CPU.ActiveCfg = Release|Any CPU
		{D9BAC143-8BFE-4039-B0C7-DB6A781F8B60}.Release|Any CPU.Build.0 = Release|Any CPU
		{D9BAC143-8BFE-4039-B0C7-DB6A781F8B60}.Release|Any CPU.Deploy.0 = Release|Any CPU
	EndGlobalSection
	GlobalSection(SolutionProperties) = preSolution
		HideSolutionNode = FALSE
	EndGlobalSection
	GlobalSection(ExtensibilityGlobals) = postSolution
		SolutionGuid = {522F5AAC-7CDC-4CC1-BFDD-EAFA86E970E0}
	EndGlobalSection
EndGlobal
